
Microsoft Visual Studio Solution File, Format Version 12.00
# Visual Studio Version 16
VisualStudioVersion = 16.0.30406.217
MinimumVisualStudioVersion = 10.0.40219.1
Project("{FAE04EC0-301F-11D3-BF4B-00C04F79EFBC}") = "boletimApi", "boletimApi\boletimApi.csproj", "{5C00DD97-A29D-4890-9A7D-FFFA592333A7}"
EndProject
Global
	GlobalSection(SolutionConfigurationPlatforms) = preSolution
		Debug|Any CPU = Debug|Any CPU
		Release|Any CPU = Release|Any CPU
	EndGlobalSection
	GlobalSection(ProjectConfigurationPlatforms) = postSolution
		{5C00DD97-A29D-4890-9A7D-FFFA592333A7}.Debug|Any CPU.ActiveCfg = Debug|Any CPU
		{5C00DD97-A29D-4890-9A7D-FFFA592333A7}.Debug|Any CPU.Build.0 = Debug|Any CPU
		{5C00DD97-A29D-4890-9A7D-FFFA592333A7}.Release|Any CPU.ActiveCfg = Release|Any CPU
		{5C00DD97-A29D-4890-9A7D-FFFA592333A7}.Release|Any CPU.Build.0 = Release|Any CPU
	EndGlobalSection
	GlobalSection(SolutionProperties) = preSolution
		HideSolutionNode = FALSE
	EndGlobalSection
	GlobalSection(ExtensibilityGlobals) = postSolution
		SolutionGuid = {EC40281E-F35D-49A7-AD77-94336BC49091}
	EndGlobalSection
EndGlobal
